
Microsoft Visual Studio Solution File, Format Version 12.00
# Visual Studio Version 17
VisualStudioVersion = 17.3.32811.315
MinimumVisualStudioVersion = 10.0.40219.1
Project("{FAE04EC0-301F-11D3-BF4B-00C04F79EFBC}") = "OnlineGameStore", "OnlineGameStore\OnlineGameStore.csproj", "{E7007175-89E0-430A-9815-969E85911E9D}"
EndProject
Project("{2150E333-8FDC-42A3-9474-1A3956D46DE8}") = "Solution Items", "Solution Items", "{5EF112BD-ADB7-4CFB-89A7-8197E4CBB007}"
	ProjectSection(SolutionItems) = preProject
		.editorconfig = .editorconfig
	EndProjectSection
EndProject
Project("{FAE04EC0-301F-11D3-BF4B-00C04F79EFBC}") = "Random Game List Generator", "Random Game List Generator\Random Game List Generator.csproj", "{64BCE15E-72CC-4018-B1E1-D668889B8BD6}"
EndProject
Global
	GlobalSection(SolutionConfigurationPlatforms) = preSolution
		Debug|Any CPU = Debug|Any CPU
		Release|Any CPU = Release|Any CPU
	EndGlobalSection
	GlobalSection(ProjectConfigurationPlatforms) = postSolution
		{E7007175-89E0-430A-9815-969E85911E9D}.Debug|Any CPU.ActiveCfg = Debug|Any CPU
		{E7007175-89E0-430A-9815-969E85911E9D}.Debug|Any CPU.Build.0 = Debug|Any CPU
		{E7007175-89E0-430A-9815-969E85911E9D}.Release|Any CPU.ActiveCfg = Release|Any CPU
		{E7007175-89E0-430A-9815-969E85911E9D}.Release|Any CPU.Build.0 = Release|Any CPU
		{64BCE15E-72CC-4018-B1E1-D668889B8BD6}.Debug|Any CPU.ActiveCfg = Debug|Any CPU
		{64BCE15E-72CC-4018-B1E1-D668889B8BD6}.Debug|Any CPU.Build.0 = Debug|Any CPU
		{64BCE15E-72CC-4018-B1E1-D668889B8BD6}.Release|Any CPU.ActiveCfg = Release|Any CPU
		{64BCE15E-72CC-4018-B1E1-D668889B8BD6}.Release|Any CPU.Build.0 = Release|Any CPU
	EndGlobalSection
	GlobalSection(SolutionProperties) = preSolution
		HideSolutionNode = FALSE
	EndGlobalSection
	GlobalSection(ExtensibilityGlobals) = postSolution
		SolutionGuid = {D8078851-840A-438E-955F-D8F418068A8A}
	EndGlobalSection
EndGlobal
